// !$*UTF8*$!
{
	archiveVersion = 1;
	classes = {
	};
	objectVersion = 46;
	objects = {

/* Begin PBXBuildFile section */
		D1F513371DE0F30100A6BC71 /* AppDelegate.swift in Sources */ = {isa = PBXBuildFile; fileRef = D1F513361DE0F30100A6BC71 /* AppDelegate.swift */; };
		D1F513391DE0F30100A6BC71 /* MasterViewController.swift in Sources */ = {isa = PBXBuildFile; fileRef = D1F513381DE0F30100A6BC71 /* MasterViewController.swift */; };
		D1F5133B1DE0F30100A6BC71 /* DetailViewController.swift in Sources */ = {isa = PBXBuildFile; fileRef = D1F5133A1DE0F30100A6BC71 /* DetailViewController.swift */; };
		D1F5133E1DE0F30100A6BC71 /* Main.storyboard in Resources */ = {isa = PBXBuildFile; fileRef = D1F5133C1DE0F30100A6BC71 /* Main.storyboard */; };
		D1F513401DE0F30100A6BC71 /* Assets.xcassets in Resources */ = {isa = PBXBuildFile; fileRef = D1F5133F1DE0F30100A6BC71 /* Assets.xcassets */; };
		D1F513431DE0F30100A6BC71 /* LaunchScreen.storyboard in Resources */ = {isa = PBXBuildFile; fileRef = D1F513411DE0F30100A6BC71 /* LaunchScreen.storyboard */; };
		D1F5134E1DE0F30100A6BC71 /* RopossoChallengeTests.swift in Sources */ = {isa = PBXBuildFile; fileRef = D1F5134D1DE0F30100A6BC71 /* RopossoChallengeTests.swift */; };
		D1F513591DE0F30100A6BC71 /* RopossoChallengeUITests.swift in Sources */ = {isa = PBXBuildFile; fileRef = D1F513581DE0F30100A6BC71 /* RopossoChallengeUITests.swift */; };
		D1F513671DE0F42100A6BC71 /* StoryCard.swift in Sources */ = {isa = PBXBuildFile; fileRef = D1F513661DE0F42100A6BC71 /* StoryCard.swift */; };
		D1F5136B1DE0F9DA00A6BC71 /* iOS_Data.json in Resources */ = {isa = PBXBuildFile; fileRef = D1F5136A1DE0F9DA00A6BC71 /* iOS_Data.json */; };
		D1F5138F1DE1000500A6BC71 /* MKAnnotationView+WebCache.m in Sources */ = {isa = PBXBuildFile; fileRef = D1F5136F1DE1000500A6BC71 /* MKAnnotationView+WebCache.m */; };
		D1F513901DE1000500A6BC71 /* NSData+ImageContentType.m in Sources */ = {isa = PBXBuildFile; fileRef = D1F513711DE1000500A6BC71 /* NSData+ImageContentType.m */; };
		D1F513911DE1000500A6BC71 /* SDImageCache.m in Sources */ = {isa = PBXBuildFile; fileRef = D1F513731DE1000500A6BC71 /* SDImageCache.m */; };
		D1F513921DE1000500A6BC71 /* SDWebImageCompat.m in Sources */ = {isa = PBXBuildFile; fileRef = D1F513751DE1000500A6BC71 /* SDWebImageCompat.m */; };
		D1F513931DE1000500A6BC71 /* SDWebImageDecoder.m in Sources */ = {isa = PBXBuildFile; fileRef = D1F513771DE1000500A6BC71 /* SDWebImageDecoder.m */; };
		D1F513941DE1000500A6BC71 /* SDWebImageDownloader.m in Sources */ = {isa = PBXBuildFile; fileRef = D1F513791DE1000500A6BC71 /* SDWebImageDownloader.m */; };
		D1F513951DE1000500A6BC71 /* SDWebImageDownloaderOperation.m in Sources */ = {isa = PBXBuildFile; fileRef = D1F5137B1DE1000500A6BC71 /* SDWebImageDownloaderOperation.m */; };
		D1F513961DE1000500A6BC71 /* SDWebImageManager.m in Sources */ = {isa = PBXBuildFile; fileRef = D1F5137D1DE1000500A6BC71 /* SDWebImageManager.m */; };
		D1F513971DE1000500A6BC71 /* SDWebImagePrefetcher.m in Sources */ = {isa = PBXBuildFile; fileRef = D1F513801DE1000500A6BC71 /* SDWebImagePrefetcher.m */; };
		D1F513981DE1000500A6BC71 /* UIButton+WebCache.m in Sources */ = {isa = PBXBuildFile; fileRef = D1F513821DE1000500A6BC71 /* UIButton+WebCache.m */; };
		D1F513991DE1000500A6BC71 /* UIImage+GIF.m in Sources */ = {isa = PBXBuildFile; fileRef = D1F513841DE1000500A6BC71 /* UIImage+GIF.m */; };
		D1F5139A1DE1000500A6BC71 /* UIImage+MultiFormat.m in Sources */ = {isa = PBXBuildFile; fileRef = D1F513861DE1000500A6BC71 /* UIImage+MultiFormat.m */; };
		D1F5139B1DE1000500A6BC71 /* UIImage+WebP.m in Sources */ = {isa = PBXBuildFile; fileRef = D1F513881DE1000500A6BC71 /* UIImage+WebP.m */; };
		D1F5139C1DE1000500A6BC71 /* UIImageView+HighlightedWebCache.m in Sources */ = {isa = PBXBuildFile; fileRef = D1F5138A1DE1000500A6BC71 /* UIImageView+HighlightedWebCache.m */; };
		D1F5139D1DE1000500A6BC71 /* UIImageView+WebCache.m in Sources */ = {isa = PBXBuildFile; fileRef = D1F5138C1DE1000500A6BC71 /* UIImageView+WebCache.m */; };
		D1F5139E1DE1000500A6BC71 /* UIView+WebCacheOperation.m in Sources */ = {isa = PBXBuildFile; fileRef = D1F5138E1DE1000500A6BC71 /* UIView+WebCacheOperation.m */; };
/* End PBXBuildFile section */

/* Begin PBXContainerItemProxy section */
		D1F5134A1DE0F30100A6BC71 /* PBXContainerItemProxy */ = {
			isa = PBXContainerItemProxy;
			containerPortal = D1F5132B1DE0F30100A6BC71 /* Project object */;
			proxyType = 1;
			remoteGlobalIDString = D1F513321DE0F30100A6BC71;
			remoteInfo = RopossoChallenge;
		};
		D1F513551DE0F30100A6BC71 /* PBXContainerItemProxy */ = {
			isa = PBXContainerItemProxy;
			containerPortal = D1F5132B1DE0F30100A6BC71 /* Project object */;
			proxyType = 1;
			remoteGlobalIDString = D1F513321DE0F30100A6BC71;
			remoteInfo = RopossoChallenge;
		};
/* End PBXContainerItemProxy section */

/* Begin PBXFileReference section */
		D1F513331DE0F30100A6BC71 /* RopossoChallenge.app */ = {isa = PBXFileReference; explicitFileType = wrapper.application; includeInIndex = 0; path = RopossoChallenge.app; sourceTree = BUILT_PRODUCTS_DIR; };
		D1F513361DE0F30100A6BC71 /* AppDelegate.swift */ = {isa = PBXFileReference; lastKnownFileType = sourcecode.swift; path = AppDelegate.swift; sourceTree = "<group>"; };
		D1F513381DE0F30100A6BC71 /* MasterViewController.swift */ = {isa = PBXFileReference; lastKnownFileType = sourcecode.swift; path = MasterViewController.swift; sourceTree = "<group>"; };
		D1F5133A1DE0F30100A6BC71 /* DetailViewController.swift */ = {isa = PBXFileReference; lastKnownFileType = sourcecode.swift; path = DetailViewController.swift; sourceTree = "<group>"; };
		D1F5133D1DE0F30100A6BC71 /* Base */ = {isa = PBXFileReference; lastKnownFileType = file.storyboard; name = Base; path = Base.lproj/Main.storyboard; sourceTree = "<group>"; };
		D1F5133F1DE0F30100A6BC71 /* Assets.xcassets */ = {isa = PBXFileReference; lastKnownFileType = folder.assetcatalog; path = Assets.xcassets; sourceTree = "<group>"; };
		D1F513421DE0F30100A6BC71 /* Base */ = {isa = PBXFileReference; lastKnownFileType = file.storyboard; name = Base; path = Base.lproj/LaunchScreen.storyboard; sourceTree = "<group>"; };
		D1F513441DE0F30100A6BC71 /* Info.plist */ = {isa = PBXFileReference; lastKnownFileType = text.plist.xml; path = Info.plist; sourceTree = "<group>"; };
		D1F513491DE0F30100A6BC71 /* RopossoChallengeTests.xctest */ = {isa = PBXFileReference; explicitFileType = wrapper.cfbundle; includeInIndex = 0; path = RopossoChallengeTests.xctest; sourceTree = BUILT_PRODUCTS_DIR; };
		D1F5134D1DE0F30100A6BC71 /* RopossoChallengeTests.swift */ = {isa = PBXFileReference; lastKnownFileType = sourcecode.swift; path = RopossoChallengeTests.swift; sourceTree = "<group>"; };
		D1F5134F1DE0F30100A6BC71 /* Info.plist */ = {isa = PBXFileReference; lastKnownFileType = text.plist.xml; path = Info.plist; sourceTree = "<group>"; };
		D1F513541DE0F30100A6BC71 /* RopossoChallengeUITests.xctest */ = {isa = PBXFileReference; explicitFileType = wrapper.cfbundle; includeInIndex = 0; path = RopossoChallengeUITests.xctest; sourceTree = BUILT_PRODUCTS_DIR; };
		D1F513581DE0F30100A6BC71 /* RopossoChallengeUITests.swift */ = {isa = PBXFileReference; lastKnownFileType = sourcecode.swift; path = RopossoChallengeUITests.swift; sourceTree = "<group>"; };
		D1F5135A1DE0F30100A6BC71 /* Info.plist */ = {isa = PBXFileReference; lastKnownFileType = text.plist.xml; path = Info.plist; sourceTree = "<group>"; };
		D1F513661DE0F42100A6BC71 /* StoryCard.swift */ = {isa = PBXFileReference; fileEncoding = 4; lastKnownFileType = sourcecode.swift; path = StoryCard.swift; sourceTree = "<group>"; };
		D1F5136A1DE0F9DA00A6BC71 /* iOS_Data.json */ = {isa = PBXFileReference; fileEncoding = 4; lastKnownFileType = text.json; path = iOS_Data.json; sourceTree = "<group>"; };
		D1F5136D1DE1000500A6BC71 /* RopossoChallenge-Bridging-Header.h */ = {isa = PBXFileReference; lastKnownFileType = sourcecode.c.h; path = "RopossoChallenge-Bridging-Header.h"; sourceTree = "<group>"; };
		D1F5136E1DE1000500A6BC71 /* MKAnnotationView+WebCache.h */ = {isa = PBXFileReference; fileEncoding = 4; lastKnownFileType = sourcecode.c.h; name = "MKAnnotationView+WebCache.h"; path = "SDWebImage/MKAnnotationView+WebCache.h"; sourceTree = "<group>"; };
		D1F5136F1DE1000500A6BC71 /* MKAnnotationView+WebCache.m */ = {isa = PBXFileReference; fileEncoding = 4; lastKnownFileType = sourcecode.c.objc; name = "MKAnnotationView+WebCache.m"; path = "SDWebImage/MKAnnotationView+WebCache.m"; sourceTree = "<group>"; };
		D1F513701DE1000500A6BC71 /* NSData+ImageContentType.h */ = {isa = PBXFileReference; fileEncoding = 4; lastKnownFileType = sourcecode.c.h; name = "NSData+ImageContentType.h"; path = "SDWebImage/NSData+ImageContentType.h"; sourceTree = "<group>"; };
		D1F513711DE1000500A6BC71 /* NSData+ImageContentType.m */ = {isa = PBXFileReference; fileEncoding = 4; lastKnownFileType = sourcecode.c.objc; name = "NSData+ImageContentType.m"; path = "SDWebImage/NSData+ImageContentType.m"; sourceTree = "<group>"; };
		D1F513721DE1000500A6BC71 /* SDImageCache.h */ = {isa = PBXFileReference; fileEncoding = 4; lastKnownFileType = sourcecode.c.h; name = SDImageCache.h; path = SDWebImage/SDImageCache.h; sourceTree = "<group>"; };
		D1F513731DE1000500A6BC71 /* SDImageCache.m */ = {isa = PBXFileReference; fileEncoding = 4; lastKnownFileType = sourcecode.c.objc; name = SDImageCache.m; path = SDWebImage/SDImageCache.m; sourceTree = "<group>"; };
		D1F513741DE1000500A6BC71 /* SDWebImageCompat.h */ = {isa = PBXFileReference; fileEncoding = 4; lastKnownFileType = sourcecode.c.h; name = SDWebImageCompat.h; path = SDWebImage/SDWebImageCompat.h; sourceTree = "<group>"; };
		D1F513751DE1000500A6BC71 /* SDWebImageCompat.m */ = {isa = PBXFileReference; fileEncoding = 4; lastKnownFileType = sourcecode.c.objc; name = SDWebImageCompat.m; path = SDWebImage/SDWebImageCompat.m; sourceTree = "<group>"; };
		D1F513761DE1000500A6BC71 /* SDWebImageDecoder.h */ = {isa = PBXFileReference; fileEncoding = 4; lastKnownFileType = sourcecode.c.h; name = SDWebImageDecoder.h; path = SDWebImage/SDWebImageDecoder.h; sourceTree = "<group>"; };
		D1F513771DE1000500A6BC71 /* SDWebImageDecoder.m */ = {isa = PBXFileReference; fileEncoding = 4; lastKnownFileType = sourcecode.c.objc; name = SDWebImageDecoder.m; path = SDWebImage/SDWebImageDecoder.m; sourceTree = "<group>"; };
		D1F513781DE1000500A6BC71 /* SDWebImageDownloader.h */ = {isa = PBXFileReference; fileEncoding = 4; lastKnownFileType = sourcecode.c.h; name = SDWebImageDownloader.h; path = SDWebImage/SDWebImageDownloader.h; sourceTree = "<group>"; };
		D1F513791DE1000500A6BC71 /* SDWebImageDownloader.m */ = {isa = PBXFileReference; fileEncoding = 4; lastKnownFileType = sourcecode.c.objc; name = SDWebImageDownloader.m; path = SDWebImage/SDWebImageDownloader.m; sourceTree = "<group>"; };
		D1F5137A1DE1000500A6BC71 /* SDWebImageDownloaderOperation.h */ = {isa = PBXFileReference; fileEncoding = 4; lastKnownFileType = sourcecode.c.h; name = SDWebImageDownloaderOperation.h; path = SDWebImage/SDWebImageDownloaderOperation.h; sourceTree = "<group>"; };
		D1F5137B1DE1000500A6BC71 /* SDWebImageDownloaderOperation.m */ = {isa = PBXFileReference; fileEncoding = 4; lastKnownFileType = sourcecode.c.objc; name = SDWebImageDownloaderOperation.m; path = SDWebImage/SDWebImageDownloaderOperation.m; sourceTree = "<group>"; };
		D1F5137C1DE1000500A6BC71 /* SDWebImageManager.h */ = {isa = PBXFileReference; fileEncoding = 4; lastKnownFileType = sourcecode.c.h; name = SDWebImageManager.h; path = SDWebImage/SDWebImageManager.h; sourceTree = "<group>"; };
		D1F5137D1DE1000500A6BC71 /* SDWebImageManager.m */ = {isa = PBXFileReference; fileEncoding = 4; lastKnownFileType = sourcecode.c.objc; name = SDWebImageManager.m; path = SDWebImage/SDWebImageManager.m; sourceTree = "<group>"; };
		D1F5137E1DE1000500A6BC71 /* SDWebImageOperation.h */ = {isa = PBXFileReference; fileEncoding = 4; lastKnownFileType = sourcecode.c.h; name = SDWebImageOperation.h; path = SDWebImage/SDWebImageOperation.h; sourceTree = "<group>"; };
		D1F5137F1DE1000500A6BC71 /* SDWebImagePrefetcher.h */ = {isa = PBXFileReference; fileEncoding = 4; lastKnownFileType = sourcecode.c.h; name = SDWebImagePrefetcher.h; path = SDWebImage/SDWebImagePrefetcher.h; sourceTree = "<group>"; };
		D1F513801DE1000500A6BC71 /* SDWebImagePrefetcher.m */ = {isa = PBXFileReference; fileEncoding = 4; lastKnownFileType = sourcecode.c.objc; name = SDWebImagePrefetcher.m; path = SDWebImage/SDWebImagePrefetcher.m; sourceTree = "<group>"; };
		D1F513811DE1000500A6BC71 /* UIButton+WebCache.h */ = {isa = PBXFileReference; fileEncoding = 4; lastKnownFileType = sourcecode.c.h; name = "UIButton+WebCache.h"; path = "SDWebImage/UIButton+WebCache.h"; sourceTree = "<group>"; };
		D1F513821DE1000500A6BC71 /* UIButton+WebCache.m */ = {isa = PBXFileReference; fileEncoding = 4; lastKnownFileType = sourcecode.c.objc; name = "UIButton+WebCache.m"; path = "SDWebImage/UIButton+WebCache.m"; sourceTree = "<group>"; };
		D1F513831DE1000500A6BC71 /* UIImage+GIF.h */ = {isa = PBXFileReference; fileEncoding = 4; lastKnownFileType = sourcecode.c.h; name = "UIImage+GIF.h"; path = "SDWebImage/UIImage+GIF.h"; sourceTree = "<group>"; };
		D1F513841DE1000500A6BC71 /* UIImage+GIF.m */ = {isa = PBXFileReference; fileEncoding = 4; lastKnownFileType = sourcecode.c.objc; name = "UIImage+GIF.m"; path = "SDWebImage/UIImage+GIF.m"; sourceTree = "<group>"; };
		D1F513851DE1000500A6BC71 /* UIImage+MultiFormat.h */ = {isa = PBXFileReference; fileEncoding = 4; lastKnownFileType = sourcecode.c.h; name = "UIImage+MultiFormat.h"; path = "SDWebImage/UIImage+MultiFormat.h"; sourceTree = "<group>"; };
		D1F513861DE1000500A6BC71 /* UIImage+MultiFormat.m */ = {isa = PBXFileReference; fileEncoding = 4; lastKnownFileType = sourcecode.c.objc; name = "UIImage+MultiFormat.m"; path = "SDWebImage/UIImage+MultiFormat.m"; sourceTree = "<group>"; };
		D1F513871DE1000500A6BC71 /* UIImage+WebP.h */ = {isa = PBXFileReference; fileEncoding = 4; lastKnownFileType = sourcecode.c.h; name = "UIImage+WebP.h"; path = "SDWebImage/UIImage+WebP.h"; sourceTree = "<group>"; };
		D1F513881DE1000500A6BC71 /* UIImage+WebP.m */ = {isa = PBXFileReference; fileEncoding = 4; lastKnownFileType = sourcecode.c.objc; name = "UIImage+WebP.m"; path = "SDWebImage/UIImage+WebP.m"; sourceTree = "<group>"; };
		D1F513891DE1000500A6BC71 /* UIImageView+HighlightedWebCache.h */ = {isa = PBXFileReference; fileEncoding = 4; lastKnownFileType = sourcecode.c.h; name = "UIImageView+HighlightedWebCache.h"; path = "SDWebImage/UIImageView+HighlightedWebCache.h"; sourceTree = "<group>"; };
		D1F5138A1DE1000500A6BC71 /* UIImageView+HighlightedWebCache.m */ = {isa = PBXFileReference; fileEncoding = 4; lastKnownFileType = sourcecode.c.objc; name = "UIImageView+HighlightedWebCache.m"; path = "SDWebImage/UIImageView+HighlightedWebCache.m"; sourceTree = "<group>"; };
		D1F5138B1DE1000500A6BC71 /* UIImageView+WebCache.h */ = {isa = PBXFileReference; fileEncoding = 4; lastKnownFileType = sourcecode.c.h; name = "UIImageView+WebCache.h"; path = "SDWebImage/UIImageView+WebCache.h"; sourceTree = "<group>"; };
		D1F5138C1DE1000500A6BC71 /* UIImageView+WebCache.m */ = {isa = PBXFileReference; fileEncoding = 4; lastKnownFileType = sourcecode.c.objc; name = "UIImageView+WebCache.m"; path = "SDWebImage/UIImageView+WebCache.m"; sourceTree = "<group>"; };
		D1F5138D1DE1000500A6BC71 /* UIView+WebCacheOperation.h */ = {isa = PBXFileReference; fileEncoding = 4; lastKnownFileType = sourcecode.c.h; name = "UIView+WebCacheOperation.h"; path = "SDWebImage/UIView+WebCacheOperation.h"; sourceTree = "<group>"; };
		D1F5138E1DE1000500A6BC71 /* UIView+WebCacheOperation.m */ = {isa = PBXFileReference; fileEncoding = 4; lastKnownFileType = sourcecode.c.objc; name = "UIView+WebCacheOperation.m"; path = "SDWebImage/UIView+WebCacheOperation.m"; sourceTree = "<group>"; };
/* End PBXFileReference section */

/* Begin PBXFrameworksBuildPhase section */
		D1F513301DE0F30100A6BC71 /* Frameworks */ = {
			isa = PBXFrameworksBuildPhase;
			buildActionMask = 2147483647;
			files = (
			);
			runOnlyForDeploymentPostprocessing = 0;
		};
		D1F513461DE0F30100A6BC71 /* Frameworks */ = {
			isa = PBXFrameworksBuildPhase;
			buildActionMask = 2147483647;
			files = (
			);
			runOnlyForDeploymentPostprocessing = 0;
		};
		D1F513511DE0F30100A6BC71 /* Frameworks */ = {
			isa = PBXFrameworksBuildPhase;
			buildActionMask = 2147483647;
			files = (
			);
			runOnlyForDeploymentPostprocessing = 0;
		};
/* End PBXFrameworksBuildPhase section */

/* Begin PBXGroup section */
		D1F5132A1DE0F30100A6BC71 = {
			isa = PBXGroup;
			children = (
				D1F513351DE0F30100A6BC71 /* RopossoChallenge */,
				D1F5134C1DE0F30100A6BC71 /* RopossoChallengeTests */,
				D1F513571DE0F30100A6BC71 /* RopossoChallengeUITests */,
				D1F513341DE0F30100A6BC71 /* Products */,
			);
			sourceTree = "<group>";
		};
		D1F513341DE0F30100A6BC71 /* Products */ = {
			isa = PBXGroup;
			children = (
				D1F513331DE0F30100A6BC71 /* RopossoChallenge.app */,
				D1F513491DE0F30100A6BC71 /* RopossoChallengeTests.xctest */,
				D1F513541DE0F30100A6BC71 /* RopossoChallengeUITests.xctest */,
			);
			name = Products;
			sourceTree = "<group>";
		};
		D1F513351DE0F30100A6BC71 /* RopossoChallenge */ = {
			isa = PBXGroup;
			children = (
				D1F513361DE0F30100A6BC71 /* AppDelegate.swift */,
				D1F5136C1DE0FFE800A6BC71 /* SDWebImage */,
				D1F513381DE0F30100A6BC71 /* MasterViewController.swift */,
				D1F513661DE0F42100A6BC71 /* StoryCard.swift */,
				D1F5133A1DE0F30100A6BC71 /* DetailViewController.swift */,
				D1F5136A1DE0F9DA00A6BC71 /* iOS_Data.json */,
				D1F5133C1DE0F30100A6BC71 /* Main.storyboard */,
				D1F5133F1DE0F30100A6BC71 /* Assets.xcassets */,
				D1F513411DE0F30100A6BC71 /* LaunchScreen.storyboard */,
				D1F5136D1DE1000500A6BC71 /* RopossoChallenge-Bridging-Header.h */,
				D1F513441DE0F30100A6BC71 /* Info.plist */,
			);
			path = RopossoChallenge;
			sourceTree = "<group>";
		};
		D1F5134C1DE0F30100A6BC71 /* RopossoChallengeTests */ = {
			isa = PBXGroup;
			children = (
				D1F5134D1DE0F30100A6BC71 /* RopossoChallengeTests.swift */,
				D1F5134F1DE0F30100A6BC71 /* Info.plist */,
			);
			path = RopossoChallengeTests;
			sourceTree = "<group>";
		};
		D1F513571DE0F30100A6BC71 /* RopossoChallengeUITests */ = {
			isa = PBXGroup;
			children = (
				D1F513581DE0F30100A6BC71 /* RopossoChallengeUITests.swift */,
				D1F5135A1DE0F30100A6BC71 /* Info.plist */,
			);
			path = RopossoChallengeUITests;
			sourceTree = "<group>";
		};
		D1F5136C1DE0FFE800A6BC71 /* SDWebImage */ = {
			isa = PBXGroup;
			children = (
				D1F5136E1DE1000500A6BC71 /* MKAnnotationView+WebCache.h */,
				D1F5136F1DE1000500A6BC71 /* MKAnnotationView+WebCache.m */,
				D1F513701DE1000500A6BC71 /* NSData+ImageContentType.h */,
				D1F513711DE1000500A6BC71 /* NSData+ImageContentType.m */,
				D1F513721DE1000500A6BC71 /* SDImageCache.h */,
				D1F513731DE1000500A6BC71 /* SDImageCache.m */,
				D1F513741DE1000500A6BC71 /* SDWebImageCompat.h */,
				D1F513751DE1000500A6BC71 /* SDWebImageCompat.m */,
				D1F513761DE1000500A6BC71 /* SDWebImageDecoder.h */,
				D1F513771DE1000500A6BC71 /* SDWebImageDecoder.m */,
				D1F513781DE1000500A6BC71 /* SDWebImageDownloader.h */,
				D1F513791DE1000500A6BC71 /* SDWebImageDownloader.m */,
				D1F5137A1DE1000500A6BC71 /* SDWebImageDownloaderOperation.h */,
				D1F5137B1DE1000500A6BC71 /* SDWebImageDownloaderOperation.m */,
				D1F5137C1DE1000500A6BC71 /* SDWebImageManager.h */,
				D1F5137D1DE1000500A6BC71 /* SDWebImageManager.m */,
				D1F5137E1DE1000500A6BC71 /* SDWebImageOperation.h */,
				D1F5137F1DE1000500A6BC71 /* SDWebImagePrefetcher.h */,
				D1F513801DE1000500A6BC71 /* SDWebImagePrefetcher.m */,
				D1F513811DE1000500A6BC71 /* UIButton+WebCache.h */,
				D1F513821DE1000500A6BC71 /* UIButton+WebCache.m */,
				D1F513831DE1000500A6BC71 /* UIImage+GIF.h */,
				D1F513841DE1000500A6BC71 /* UIImage+GIF.m */,
				D1F513851DE1000500A6BC71 /* UIImage+MultiFormat.h */,
				D1F513861DE1000500A6BC71 /* UIImage+MultiFormat.m */,
				D1F513871DE1000500A6BC71 /* UIImage+WebP.h */,
				D1F513881DE1000500A6BC71 /* UIImage+WebP.m */,
				D1F513891DE1000500A6BC71 /* UIImageView+HighlightedWebCache.h */,
				D1F5138A1DE1000500A6BC71 /* UIImageView+HighlightedWebCache.m */,
				D1F5138B1DE1000500A6BC71 /* UIImageView+WebCache.h */,
				D1F5138C1DE1000500A6BC71 /* UIImageView+WebCache.m */,
				D1F5138D1DE1000500A6BC71 /* UIView+WebCacheOperation.h */,
				D1F5138E1DE1000500A6BC71 /* UIView+WebCacheOperation.m */,
			);
			name = SDWebImage;
			sourceTree = "<group>";
		};
/* End PBXGroup section */

/* Begin PBXNativeTarget section */
		D1F513321DE0F30100A6BC71 /* RopossoChallenge */ = {
			isa = PBXNativeTarget;
			buildConfigurationList = D1F5135D1DE0F30100A6BC71 /* Build configuration list for PBXNativeTarget "RopossoChallenge" */;
			buildPhases = (
				D1F5132F1DE0F30100A6BC71 /* Sources */,
				D1F513301DE0F30100A6BC71 /* Frameworks */,
				D1F513311DE0F30100A6BC71 /* Resources */,
			);
			buildRules = (
			);
			dependencies = (
			);
			name = RopossoChallenge;
			productName = RopossoChallenge;
			productReference = D1F513331DE0F30100A6BC71 /* RopossoChallenge.app */;
			productType = "com.apple.product-type.application";
		};
		D1F513481DE0F30100A6BC71 /* RopossoChallengeTests */ = {
			isa = PBXNativeTarget;
			buildConfigurationList = D1F513601DE0F30100A6BC71 /* Build configuration list for PBXNativeTarget "RopossoChallengeTests" */;
			buildPhases = (
				D1F513451DE0F30100A6BC71 /* Sources */,
				D1F513461DE0F30100A6BC71 /* Frameworks */,
				D1F513471DE0F30100A6BC71 /* Resources */,
			);
			buildRules = (
			);
			dependencies = (
				D1F5134B1DE0F30100A6BC71 /* PBXTargetDependency */,
			);
			name = RopossoChallengeTests;
			productName = RopossoChallengeTests;
			productReference = D1F513491DE0F30100A6BC71 /* RopossoChallengeTests.xctest */;
			productType = "com.apple.product-type.bundle.unit-test";
		};
		D1F513531DE0F30100A6BC71 /* RopossoChallengeUITests */ = {
			isa = PBXNativeTarget;
			buildConfigurationList = D1F513631DE0F30100A6BC71 /* Build configuration list for PBXNativeTarget "RopossoChallengeUITests" */;
			buildPhases = (
				D1F513501DE0F30100A6BC71 /* Sources */,
				D1F513511DE0F30100A6BC71 /* Frameworks */,
				D1F513521DE0F30100A6BC71 /* Resources */,
			);
			buildRules = (
			);
			dependencies = (
				D1F513561DE0F30100A6BC71 /* PBXTargetDependency */,
			);
			name = RopossoChallengeUITests;
			productName = RopossoChallengeUITests;
			productReference = D1F513541DE0F30100A6BC71 /* RopossoChallengeUITests.xctest */;
			productType = "com.apple.product-type.bundle.ui-testing";
		};
/* End PBXNativeTarget section */

/* Begin PBXProject section */
		D1F5132B1DE0F30100A6BC71 /* Project object */ = {
			isa = PBXProject;
			attributes = {
				LastSwiftUpdateCheck = 0810;
				LastUpgradeCheck = 0810;
				ORGANIZATIONNAME = "Abhinav Mathur";
				TargetAttributes = {
					D1F513321DE0F30100A6BC71 = {
						CreatedOnToolsVersion = 8.1;
						DevelopmentTeam = 6339ZWMFHV;
						LastSwiftMigration = 0810;
						ProvisioningStyle = Automatic;
					};
					D1F513481DE0F30100A6BC71 = {
						CreatedOnToolsVersion = 8.1;
						ProvisioningStyle = Automatic;
						TestTargetID = D1F513321DE0F30100A6BC71;
					};
					D1F513531DE0F30100A6BC71 = {
						CreatedOnToolsVersion = 8.1;
						ProvisioningStyle = Automatic;
						TestTargetID = D1F513321DE0F30100A6BC71;
					};
				};
			};
			buildConfigurationList = D1F5132E1DE0F30100A6BC71 /* Build configuration list for PBXProject "RopossoChallenge" */;
			compatibilityVersion = "Xcode 3.2";
			developmentRegion = English;
			hasScannedForEncodings = 0;
			knownRegions = (
				en,
				Base,
			);
			mainGroup = D1F5132A1DE0F30100A6BC71;
			productRefGroup = D1F513341DE0F30100A6BC71 /* Products */;
			projectDirPath = "";
			projectRoot = "";
			targets = (
				D1F513321DE0F30100A6BC71 /* RopossoChallenge */,
				D1F513481DE0F30100A6BC71 /* RopossoChallengeTests */,
				D1F513531DE0F30100A6BC71 /* RopossoChallengeUITests */,
			);
		};
/* End PBXProject section */

/* Begin PBXResourcesBuildPhase section */
		D1F513311DE0F30100A6BC71 /* Resources */ = {
			isa = PBXResourcesBuildPhase;
			buildActionMask = 2147483647;
			files = (
				D1F513431DE0F30100A6BC71 /* LaunchScreen.storyboard in Resources */,
				D1F5136B1DE0F9DA00A6BC71 /* iOS_Data.json in Resources */,
				D1F513401DE0F30100A6BC71 /* Assets.xcassets in Resources */,
				D1F5133E1DE0F30100A6BC71 /* Main.storyboard in Resources */,
			);
			runOnlyForDeploymentPostprocessing = 0;
		};
		D1F513471DE0F30100A6BC71 /* Resources */ = {
			isa = PBXResourcesBuildPhase;
			buildActionMask = 2147483647;
			files = (
			);
			runOnlyForDeploymentPostprocessing = 0;
		};
		D1F513521DE0F30100A6BC71 /* Resources */ = {
			isa = PBXResourcesBuildPhase;
			buildActionMask = 2147483647;
			files = (
			);
			runOnlyForDeploymentPostprocessing = 0;
		};
/* End PBXResourcesBuildPhase section */

/* Begin PBXSourcesBuildPhase section */
		D1F5132F1DE0F30100A6BC71 /* Sources */ = {
			isa = PBXSourcesBuildPhase;
			buildActionMask = 2147483647;
			files = (
				D1F5139C1DE1000500A6BC71 /* UIImageView+HighlightedWebCache.m in Sources */,
				D1F5139A1DE1000500A6BC71 /* UIImage+MultiFormat.m in Sources */,
				D1F513951DE1000500A6BC71 /* SDWebImageDownloaderOperation.m in Sources */,
				D1F5133B1DE0F30100A6BC71 /* DetailViewController.swift in Sources */,
				D1F513921DE1000500A6BC71 /* SDWebImageCompat.m in Sources */,
				D1F513991DE1000500A6BC71 /* UIImage+GIF.m in Sources */,
				D1F513971DE1000500A6BC71 /* SDWebImagePrefetcher.m in Sources */,
				D1F513671DE0F42100A6BC71 /* StoryCard.swift in Sources */,
				D1F513391DE0F30100A6BC71 /* MasterViewController.swift in Sources */,
				D1F5139B1DE1000500A6BC71 /* UIImage+WebP.m in Sources */,
				D1F5139D1DE1000500A6BC71 /* UIImageView+WebCache.m in Sources */,
				D1F513941DE1000500A6BC71 /* SDWebImageDownloader.m in Sources */,
				D1F5139E1DE1000500A6BC71 /* UIView+WebCacheOperation.m in Sources */,
				D1F513981DE1000500A6BC71 /* UIButton+WebCache.m in Sources */,
				D1F5138F1DE1000500A6BC71 /* MKAnnotationView+WebCache.m in Sources */,
				D1F513901DE1000500A6BC71 /* NSData+ImageContentType.m in Sources */,
				D1F513371DE0F30100A6BC71 /* AppDelegate.swift in Sources */,
				D1F513961DE1000500A6BC71 /* SDWebImageManager.m in Sources */,
				D1F513931DE1000500A6BC71 /* SDWebImageDecoder.m in Sources */,
				D1F513911DE1000500A6BC71 /* SDImageCache.m in Sources */,
			);
			runOnlyForDeploymentPostprocessing = 0;
		};
		D1F513451DE0F30100A6BC71 /* Sources */ = {
			isa = PBXSourcesBuildPhase;
			buildActionMask = 2147483647;
			files = (
				D1F5134E1DE0F30100A6BC71 /* RopossoChallengeTests.swift in Sources */,
			);
			runOnlyForDeploymentPostprocessing = 0;
		};
		D1F513501DE0F30100A6BC71 /* Sources */ = {
			isa = PBXSourcesBuildPhase;
			buildActionMask = 2147483647;
			files = (
				D1F513591DE0F30100A6BC71 /* RopossoChallengeUITests.swift in Sources */,
			);
			runOnlyForDeploymentPostprocessing = 0;
		};
/* End PBXSourcesBuildPhase section */

/* Begin PBXTargetDependency section */
		D1F5134B1DE0F30100A6BC71 /* PBXTargetDependency */ = {
			isa = PBXTargetDependency;
			target = D1F513321DE0F30100A6BC71 /* RopossoChallenge */;
			targetProxy = D1F5134A1DE0F30100A6BC71 /* PBXContainerItemProxy */;
		};
		D1F513561DE0F30100A6BC71 /* PBXTargetDependency */ = {
			isa = PBXTargetDependency;
			target = D1F513321DE0F30100A6BC71 /* RopossoChallenge */;
			targetProxy = D1F513551DE0F30100A6BC71 /* PBXContainerItemProxy */;
		};
/* End PBXTargetDependency section */

/* Begin PBXVariantGroup section */
		D1F5133C1DE0F30100A6BC71 /* Main.storyboard */ = {
			isa = PBXVariantGroup;
			children = (
				D1F5133D1DE0F30100A6BC71 /* Base */,
			);
			name = Main.storyboard;
			sourceTree = "<group>";
		};
		D1F513411DE0F30100A6BC71 /* LaunchScreen.storyboard */ = {
			isa = PBXVariantGroup;
			children = (
				D1F513421DE0F30100A6BC71 /* Base */,
			);
			name = LaunchScreen.storyboard;
			sourceTree = "<group>";
		};
/* End PBXVariantGroup section */

/* Begin XCBuildConfiguration section */
		D1F5135B1DE0F30100A6BC71 /* Debug */ = {
			isa = XCBuildConfiguration;
			buildSettings = {
				ALWAYS_SEARCH_USER_PATHS = NO;
				CLANG_ANALYZER_NONNULL = YES;
				CLANG_CXX_LANGUAGE_STANDARD = "gnu++0x";
				CLANG_CXX_LIBRARY = "libc++";
				CLANG_ENABLE_MODULES = YES;
				CLANG_ENABLE_OBJC_ARC = YES;
				CLANG_WARN_BOOL_CONVERSION = YES;
				CLANG_WARN_CONSTANT_CONVERSION = YES;
				CLANG_WARN_DIRECT_OBJC_ISA_USAGE = YES_ERROR;
				CLANG_WARN_DOCUMENTATION_COMMENTS = YES;
				CLANG_WARN_EMPTY_BODY = YES;
				CLANG_WARN_ENUM_CONVERSION = YES;
				CLANG_WARN_INFINITE_RECURSION = YES;
				CLANG_WARN_INT_CONVERSION = YES;
				CLANG_WARN_OBJC_ROOT_CLASS = YES_ERROR;
				CLANG_WARN_SUSPICIOUS_MOVES = YES;
				CLANG_WARN_UNREACHABLE_CODE = YES;
				CLANG_WARN__DUPLICATE_METHOD_MATCH = YES;
				"CODE_SIGN_IDENTITY[sdk=iphoneos*]" = "iPhone Developer";
				COPY_PHASE_STRIP = NO;
				DEBUG_INFORMATION_FORMAT = dwarf;
				ENABLE_STRICT_OBJC_MSGSEND = YES;
				ENABLE_TESTABILITY = YES;
				GCC_C_LANGUAGE_STANDARD = gnu99;
				GCC_DYNAMIC_NO_PIC = NO;
				GCC_NO_COMMON_BLOCKS = YES;
				GCC_OPTIMIZATION_LEVEL = 0;
				GCC_PREPROCESSOR_DEFINITIONS = (
					"DEBUG=1",
					"$(inherited)",
				);
				GCC_WARN_64_TO_32_BIT_CONVERSION = YES;
				GCC_WARN_ABOUT_RETURN_TYPE = YES_ERROR;
				GCC_WARN_UNDECLARED_SELECTOR = YES;
				GCC_WARN_UNINITIALIZED_AUTOS = YES_AGGRESSIVE;
				GCC_WARN_UNUSED_FUNCTION = YES;
				GCC_WARN_UNUSED_VARIABLE = YES;
				IPHONEOS_DEPLOYMENT_TARGET = 10.1;
				MTL_ENABLE_DEBUG_INFO = YES;
				ONLY_ACTIVE_ARCH = YES;
				SDKROOT = iphoneos;
				SWIFT_ACTIVE_COMPILATION_CONDITIONS = DEBUG;
				SWIFT_OPTIMIZATION_LEVEL = "-Onone";
				TARGETED_DEVICE_FAMILY = "1,2";
			};
			name = Debug;
		};
		D1F5135C1DE0F30100A6BC71 /* Release */ = {
			isa = XCBuildConfiguration;
			buildSettings = {
				ALWAYS_SEARCH_USER_PATHS = NO;
				CLANG_ANALYZER_NONNULL = YES;
				CLANG_CXX_LANGUAGE_STANDARD = "gnu++0x";
				CLANG_CXX_LIBRARY = "libc++";
				CLANG_ENABLE_MODULES = YES;
				CLANG_ENABLE_OBJC_ARC = YES;
				CLANG_WARN_BOOL_CONVERSION = YES;
				CLANG_WARN_CONSTANT_CONVERSION = YES;
				CLANG_WARN_DIRECT_OBJC_ISA_USAGE = YES_ERROR;
				CLANG_WARN_DOCUMENTATION_COMMENTS = YES;
				CLANG_WARN_EMPTY_BODY = YES;
				CLANG_WARN_ENUM_CONVERSION = YES;
				CLANG_WARN_INFINITE_RECURSION = YES;
				CLANG_WARN_INT_CONVERSION = YES;
				CLANG_WARN_OBJC_ROOT_CLASS = YES_ERROR;
				CLANG_WARN_SUSPICIOUS_MOVES = YES;
				CLANG_WARN_UNREACHABLE_CODE = YES;
				CLANG_WARN__DUPLICATE_METHOD_MATCH = YES;
				"CODE_SIGN_IDENTITY[sdk=iphoneos*]" = "iPhone Developer";
				COPY_PHASE_STRIP = NO;
				DEBUG_INFORMATION_FORMAT = "dwarf-with-dsym";
				ENABLE_NS_ASSERTIONS = NO;
				ENABLE_STRICT_OBJC_MSGSEND = YES;
				GCC_C_LANGUAGE_STANDARD = gnu99;
				GCC_NO_COMMON_BLOCKS = YES;
				GCC_WARN_64_TO_32_BIT_CONVERSION = YES;
				GCC_WARN_ABOUT_RETURN_TYPE = YES_ERROR;
				GCC_WARN_UNDECLARED_SELECTOR = YES;
				GCC_WARN_UNINITIALIZED_AUTOS = YES_AGGRESSIVE;
				GCC_WARN_UNUSED_FUNCTION = YES;
				GCC_WARN_UNUSED_VARIABLE = YES;
				IPHONEOS_DEPLOYMENT_TARGET = 10.1;
				MTL_ENABLE_DEBUG_INFO = NO;
				SDKROOT = iphoneos;
				SWIFT_OPTIMIZATION_LEVEL = "-Owholemodule";
				TARGETED_DEVICE_FAMILY = "1,2";
				VALIDATE_PRODUCT = YES;
			};
			name = Release;
		};
		D1F5135E1DE0F30100A6BC71 /* Debug */ = {
			isa = XCBuildConfiguration;
			buildSettings = {
				ASSETCATALOG_COMPILER_APPICON_NAME = AppIcon;
				CLANG_ENABLE_MODULES = YES;
				DEVELOPMENT_TEAM = 6339ZWMFHV;
				INFOPLIST_FILE = RopossoChallenge/Info.plist;
				IPHONEOS_DEPLOYMENT_TARGET = 8.0;
				LD_RUNPATH_SEARCH_PATHS = "$(inherited) @executable_path/Frameworks";
				PRODUCT_BUNDLE_IDENTIFIER = crickabhi.RopossoChallenge;
				PRODUCT_NAME = "$(TARGET_NAME)";
				SWIFT_OBJC_BRIDGING_HEADER = "RopossoChallenge/RopossoChallenge-Bridging-Header.h";
				SWIFT_OPTIMIZATION_LEVEL = "-Onone";
				SWIFT_VERSION = 3.0;
			};
			name = Debug;
		};
		D1F5135F1DE0F30100A6BC71 /* Release */ = {
			isa = XCBuildConfiguration;
			buildSettings = {
				ASSETCATALOG_COMPILER_APPICON_NAME = AppIcon;
				CLANG_ENABLE_MODULES = YES;
				DEVELOPMENT_TEAM = 6339ZWMFHV;
				INFOPLIST_FILE = RopossoChallenge/Info.plist;
				IPHONEOS_DEPLOYMENT_TARGET = 8.0;
				LD_RUNPATH_SEARCH_PATHS = "$(inherited) @executable_path/Frameworks";
				PRODUCT_BUNDLE_IDENTIFIER = crickabhi.RopossoChallenge;
				PRODUCT_NAME = "$(TARGET_NAME)";
				SWIFT_OBJC_BRIDGING_HEADER = "RopossoChallenge/RopossoChallenge-Bridging-Header.h";
				SWIFT_VERSION = 3.0;
			};
			name = Release;
		};
		D1F513611DE0F30100A6BC71 /* Debug */ = {
			isa = XCBuildConfiguration;
			buildSettings = {
				ALWAYS_EMBED_SWIFT_STANDARD_LIBRARIES = YES;
				BUNDLE_LOADER = "$(TEST_HOST)";
				INFOPLIST_FILE = RopossoChallengeTests/Info.plist;
				LD_RUNPATH_SEARCH_PATHS = "$(inherited) @executable_path/Frameworks @loader_path/Frameworks";
				PRODUCT_BUNDLE_IDENTIFIER = crickabhi.RopossoChallengeTests;
				PRODUCT_NAME = "$(TARGET_NAME)";
				SWIFT_VERSION = 3.0;
				TEST_HOST = "$(BUILT_PRODUCTS_DIR)/RopossoChallenge.app/RopossoChallenge";
			};
			name = Debug;
		};
		D1F513621DE0F30100A6BC71 /* Release */ = {
			isa = XCBuildConfiguration;
			buildSettings = {
				ALWAYS_EMBED_SWIFT_STANDARD_LIBRARIES = YES;
				BUNDLE_LOADER = "$(TEST_HOST)";
				INFOPLIST_FILE = RopossoChallengeTests/Info.plist;
				LD_RUNPATH_SEARCH_PATHS = "$(inherited) @executable_path/Frameworks @loader_path/Frameworks";
				PRODUCT_BUNDLE_IDENTIFIER = crickabhi.RopossoChallengeTests;
				PRODUCT_NAME = "$(TARGET_NAME)";
				SWIFT_VERSION = 3.0;
				TEST_HOST = "$(BUILT_PRODUCTS_DIR)/RopossoChallenge.app/RopossoChallenge";
			};
			name = Release;
		};
		D1F513641DE0F30100A6BC71 /* Debug */ = {
			isa = XCBuildConfiguration;
			buildSettings = {
				ALWAYS_EMBED_SWIFT_STANDARD_LIBRARIES = YES;
				INFOPLIST_FILE = RopossoChallengeUITests/Info.plist;
				LD_RUNPATH_SEARCH_PATHS = "$(inherited) @executable_path/Frameworks @loader_path/Frameworks";
				PRODUCT_BUNDLE_IDENTIFIER = crickabhi.RopossoChallengeUITests;
				PRODUCT_NAME = "$(TARGET_NAME)";
				SWIFT_VERSION = 3.0;
				TEST_TARGET_NAME = RopossoChallenge;
			};
			name = Debug;
		};
		D1F513651DE0F30100A6BC71 /* Release */ = {
			isa = XCBuildConfiguration;
			buildSettings = {
				ALWAYS_EMBED_SWIFT_STANDARD_LIBRARIES = YES;
				INFOPLIST_FILE = RopossoChallengeUITests/Info.plist;
				LD_RUNPATH_SEARCH_PATHS = "$(inherited) @executable_path/Frameworks @loader_path/Frameworks";
				PRODUCT_BUNDLE_IDENTIFIER = crickabhi.RopossoChallengeUITests;
				PRODUCT_NAME = "$(TARGET_NAME)";
				SWIFT_VERSION = 3.0;
				TEST_TARGET_NAME = RopossoChallenge;
			};
			name = Release;
		};
/* End XCBuildConfiguration section */

/* Begin XCConfigurationList section */
		D1F5132E1DE0F30100A6BC71 /* Build configuration list for PBXProject "RopossoChallenge" */ = {
			isa = XCConfigurationList;
			buildConfigurations = (
				D1F5135B1DE0F30100A6BC71 /* Debug */,
				D1F5135C1DE0F30100A6BC71 /* Release */,
			);
			defaultConfigurationIsVisible = 0;
			defaultConfigurationName = Release;
		};
		D1F5135D1DE0F30100A6BC71 /* Build configuration list for PBXNativeTarget "RopossoChallenge" */ = {
			isa = XCConfigurationList;
			buildConfigurations = (
				D1F5135E1DE0F30100A6BC71 /* Debug */,
				D1F5135F1DE0F30100A6BC71 /* Release */,
			);
			defaultConfigurationIsVisible = 0;
		};
		D1F513601DE0F30100A6BC71 /* Build configuration list for PBXNativeTarget "RopossoChallengeTests" */ = {
			isa = XCConfigurationList;
			buildConfigurations = (
				D1F513611DE0F30100A6BC71 /* Debug */,
				D1F513621DE0F30100A6BC71 /* Release */,
			);
			defaultConfigurationIsVisible = 0;
		};
		D1F513631DE0F30100A6BC71 /* Build configuration list for PBXNativeTarget "RopossoChallengeUITests" */ = {
			isa = XCConfigurationList;
			buildConfigurations = (
				D1F513641DE0F30100A6BC71 /* Debug */,
				D1F513651DE0F30100A6BC71 /* Release */,
			);
			defaultConfigurationIsVisible = 0;
		};
/* End XCConfigurationList section */
	};
	rootObject = D1F5132B1DE0F30100A6BC71 /* Project object */;
}
